
Microsoft Visual Studio Solution File, Format Version 12.00
# Visual Studio Version 16
VisualStudioVersion = 16.0.29728.190
MinimumVisualStudioVersion = 10.0.40219.1
Project("{888888A0-9F3D-457C-B088-3A5042F75D52}") = "udemy - flask", "udemy - flask.pyproj", "{4D56ECD0-31D0-42BB-88A1-4BA5F0AA88BF}"
EndProject
Global
	GlobalSection(SolutionConfigurationPlatforms) = preSolution
		Debug|Any CPU = Debug|Any CPU
		Release|Any CPU = Release|Any CPU
	EndGlobalSection
	GlobalSection(ProjectConfigurationPlatforms) = postSolution
		{4D56ECD0-31D0-42BB-88A1-4BA5F0AA88BF}.Debug|Any CPU.ActiveCfg = Debug|Any CPU
		{4D56ECD0-31D0-42BB-88A1-4BA5F0AA88BF}.Debug|Any CPU.Build.0 = Debug|Any CPU
		{4D56ECD0-31D0-42BB-88A1-4BA5F0AA88BF}.Release|Any CPU.ActiveCfg = Release|Any CPU
		{4D56ECD0-31D0-42BB-88A1-4BA5F0AA88BF}.Release|Any CPU.Build.0 = Release|Any CPU
	EndGlobalSection
	GlobalSection(SolutionProperties) = preSolution
		HideSolutionNode = FALSE
	EndGlobalSection
	GlobalSection(ExtensibilityGlobals) = postSolution
		SolutionGuid = {C37F17DE-B739-42D5-A4A9-BDAE261D9B3F}
	EndGlobalSection
EndGlobal
